// !$*UTF8*$!
{
	archiveVersion = 1;
	classes = {
	};
	objectVersion = 56;
	objects = {

/* Begin PBXBuildFile section */
		0A0000010000000000000001 /* TripJournalApp.swift in Sources */ = {isa = PBXBuildFile; fileRef = 0A0000010000000000000101 /* TripJournalApp.swift */; };
		0A0000010000000000000002 /* AppLocale.swift in Sources */ = {isa = PBXBuildFile; fileRef = 0A0000010000000000000102 /* AppLocale.swift */; };
		0A0000010000000000000003 /* TripModels.swift in Sources */ = {isa = PBXBuildFile; fileRef = 0A0000010000000000000103 /* TripModels.swift */; };
		0A0000010000000000000004 /* ContentView.swift in Sources */ = {isa = PBXBuildFile; fileRef = 0A0000010000000000000104 /* ContentView.swift */; };
		0A0000010000000000000005 /* TripDetailView.swift in Sources */ = {isa = PBXBuildFile; fileRef = 0A0000010000000000000105 /* TripDetailView.swift */; };
		0A0000010000000000000006 /* TripFormView.swift in Sources */ = {isa = PBXBuildFile; fileRef = 0A0000010000000000000106 /* TripFormView.swift */; };
		0A0000010000000000000007 /* SettingsView.swift in Sources */ = {isa = PBXBuildFile; fileRef = 0A0000010000000000000107 /* SettingsView.swift */; };
		0A0000010000000000000008 /* AddRecordViews.swift in Sources */ = {isa = PBXBuildFile; fileRef = 0A0000010000000000000108 /* AddRecordViews.swift */; };
		0A0000010000000000000009 /* Assets.xcassets in Resources */ = {isa = PBXBuildFile; fileRef = 0A0000010000000000000109 /* Assets.xcassets */; };
		0A0000010000000000000010 /* Localizable.strings in Resources */ = {isa = PBXBuildFile; fileRef = 0A0000010000000000000110 /* Localizable.strings */; };
		0A0000010000000000000011 /* InfoPlist.strings in Resources */ = {isa = PBXBuildFile; fileRef = 0A0000010000000000000111 /* InfoPlist.strings */; };
/* End PBXBuildFile section */

/* Begin PBXFileReference section */
		0A0000010000000000000101 /* TripJournalApp.swift */ = {isa = PBXFileReference; lastKnownFileType = sourcecode.swift; path = TripJournalApp.swift; sourceTree = "<group>"; };
		0A0000010000000000000102 /* AppLocale.swift */ = {isa = PBXFileReference; lastKnownFileType = sourcecode.swift; path = AppLocale.swift; sourceTree = "<group>"; };
		0A0000010000000000000103 /* TripModels.swift */ = {isa = PBXFileReference; lastKnownFileType = sourcecode.swift; path = TripModels.swift; sourceTree = "<group>"; };
		0A0000010000000000000104 /* ContentView.swift */ = {isa = PBXFileReference; lastKnownFileType = sourcecode.swift; path = ContentView.swift; sourceTree = "<group>"; };
		0A0000010000000000000105 /* TripDetailView.swift */ = {isa = PBXFileReference; lastKnownFileType = sourcecode.swift; path = TripDetailView.swift; sourceTree = "<group>"; };
		0A0000010000000000000106 /* TripFormView.swift */ = {isa = PBXFileReference; lastKnownFileType = sourcecode.swift; path = TripFormView.swift; sourceTree = "<group>"; };
		0A0000010000000000000107 /* SettingsView.swift */ = {isa = PBXFileReference; lastKnownFileType = sourcecode.swift; path = SettingsView.swift; sourceTree = "<group>"; };
		0A0000010000000000000108 /* AddRecordViews.swift */ = {isa = PBXFileReference; lastKnownFileType = sourcecode.swift; path = AddRecordViews.swift; sourceTree = "<group>"; };
		0A0000010000000000000109 /* Assets.xcassets */ = {isa = PBXFileReference; lastKnownFileType = folder.assetcatalog; path = Assets.xcassets; sourceTree = "<group>"; };
		0A0000010000000000000112 /* en */ = {isa = PBXFileReference; lastKnownFileType = text.plist.strings; name = en; path = en.lproj/Localizable.strings; sourceTree = "<group>"; };
		0A0000010000000000000113 /* zh-Hans */ = {isa = PBXFileReference; lastKnownFileType = text.plist.strings; name = "zh-Hans"; path = "zh-Hans.lproj/Localizable.strings"; sourceTree = "<group>"; };
		0A0000010000000000000114 /* en */ = {isa = PBXFileReference; lastKnownFileType = text.plist.strings; name = en; path = en.lproj/InfoPlist.strings; sourceTree = "<group>"; };
		0A0000010000000000000115 /* zh-Hans */ = {isa = PBXFileReference; lastKnownFileType = text.plist.strings; name = "zh-Hans"; path = "zh-Hans.lproj/InfoPlist.strings"; sourceTree = "<group>"; };
		0A0000010000000000000116 /* Info.plist */ = {isa = PBXFileReference; lastKnownFileType = text.plist.xml; path = Info.plist; sourceTree = "<group>"; };
		0A0000010000000000000117 /* TripJournal.app */ = {isa = PBXFileReference; explicitFileType = wrapper.application; includeInIndex = 0; path = TripJournal.app; sourceTree = BUILT_PRODUCTS_DIR; };
/* End PBXFileReference section */

/* Begin PBXFrameworksBuildPhase section */
		0A0000010000000000000201 /* Frameworks */ = {
			isa = PBXFrameworksBuildPhase;
			buildActionMask = 2147483647;
			files = (
			);
			runOnlyForDeploymentPostprocessing = 0;
		};
/* End PBXFrameworksBuildPhase section */

/* Begin PBXGroup section */
		0A0000010000000000000301 = {
			isa = PBXGroup;
			children = (
				0A0000010000000000000302 /* TripJournal */,
				0A0000010000000000000303 /* Products */,
			);
			sourceTree = "<group>";
		};
		0A0000010000000000000302 /* TripJournal */ = {
			isa = PBXGroup;
			children = (
				0A0000010000000000000101 /* TripJournalApp.swift */,
				0A0000010000000000000102 /* AppLocale.swift */,
				0A0000010000000000000304 /* Models */,
				0A0000010000000000000305 /* Views */,
				0A0000010000000000000306 /* Resources */,
			);
			path = TripJournal;
			sourceTree = "<group>";
		};
		0A0000010000000000000303 /* Products */ = {
			isa = PBXGroup;
			children = (
				0A0000010000000000000117 /* TripJournal.app */,
			);
			name = Products;
			sourceTree = "<group>";
		};
		0A0000010000000000000304 /* Models */ = {
			isa = PBXGroup;
			children = (
				0A0000010000000000000103 /* TripModels.swift */,
			);
			path = Models;
			sourceTree = "<group>";
		};
		0A0000010000000000000305 /* Views */ = {
			isa = PBXGroup;
			children = (
				0A0000010000000000000104 /* ContentView.swift */,
				0A0000010000000000000105 /* TripDetailView.swift */,
				0A0000010000000000000106 /* TripFormView.swift */,
				0A0000010000000000000107 /* SettingsView.swift */,
				0A0000010000000000000108 /* AddRecordViews.swift */,
			);
			path = Views;
			sourceTree = "<group>";
		};
		0A0000010000000000000306 /* Resources */ = {
			isa = PBXGroup;
			children = (
				0A0000010000000000000116 /* Info.plist */,
				0A0000010000000000000109 /* Assets.xcassets */,
				0A0000010000000000000110 /* Localizable.strings */,
				0A0000010000000000000111 /* InfoPlist.strings */,
			);
			path = Resources;
			sourceTree = "<group>";
		};
/* End PBXGroup section */

/* Begin PBXNativeTarget section */
		0A0000010000000000000401 /* TripJournal */ = {
			isa = PBXNativeTarget;
			buildConfigurationList = 0A0000010000000000000502 /* Build configuration list for PBXNativeTarget "TripJournal" */;
			buildPhases = (
				0A0000010000000000000202 /* Sources */,
				0A0000010000000000000201 /* Frameworks */,
				0A0000010000000000000203 /* Resources */,
			);
			buildRules = (
			);
			dependencies = (
			);
			name = TripJournal;
			productName = TripJournal;
			productReference = 0A0000010000000000000117 /* TripJournal.app */;
			productType = "com.apple.product-type.application";
		};
/* End PBXNativeTarget section */

/* Begin PBXProject section */
		0A0000010000000000000402 /* Project object */ = {
			isa = PBXProject;
			attributes = {
				BuildIndependentTargetsInParallel = 1;
				LastSwiftUpdateCheck = 2620;
				LastUpgradeCheck = 2620;
				TargetAttributes = {
					0A0000010000000000000401 = {
						CreatedOnToolsVersion = 26.2;
					};
				};
			};
			buildConfigurationList = 0A0000010000000000000501 /* Build configuration list for PBXProject "TripJournal" */;
			compatibilityVersion = "Xcode 14.0";
			developmentRegion = en;
			hasScannedForEncodings = 0;
			knownRegions = (
				en,
				"zh-Hans",
			);
			mainGroup = 0A0000010000000000000301;
			productRefGroup = 0A0000010000000000000303 /* Products */;
			projectDirPath = "";
			projectRoot = "";
			targets = (
				0A0000010000000000000401 /* TripJournal */,
			);
		};
/* End PBXProject section */

/* Begin PBXResourcesBuildPhase section */
		0A0000010000000000000203 /* Resources */ = {
			isa = PBXResourcesBuildPhase;
			buildActionMask = 2147483647;
			files = (
				0A0000010000000000000009 /* Assets.xcassets in Resources */,
				0A0000010000000000000010 /* Localizable.strings in Resources */,
				0A0000010000000000000011 /* InfoPlist.strings in Resources */,
			);
			runOnlyForDeploymentPostprocessing = 0;
		};
/* End PBXResourcesBuildPhase section */

/* Begin PBXSourcesBuildPhase section */
		0A0000010000000000000202 /* Sources */ = {
			isa = PBXSourcesBuildPhase;
			buildActionMask = 2147483647;
			files = (
				0A0000010000000000000001 /* TripJournalApp.swift in Sources */,
				0A0000010000000000000002 /* AppLocale.swift in Sources */,
				0A0000010000000000000003 /* TripModels.swift in Sources */,
				0A0000010000000000000004 /* ContentView.swift in Sources */,
				0A0000010000000000000005 /* TripDetailView.swift in Sources */,
				0A0000010000000000000006 /* TripFormView.swift in Sources */,
				0A0000010000000000000007 /* SettingsView.swift in Sources */,
				0A0000010000000000000008 /* AddRecordViews.swift in Sources */,
			);
			runOnlyForDeploymentPostprocessing = 0;
		};
/* End PBXSourcesBuildPhase section */

/* Begin PBXVariantGroup section */
		0A0000010000000000000110 /* Localizable.strings */ = {
			isa = PBXVariantGroup;
			children = (
				0A0000010000000000000112 /* en */,
				0A0000010000000000000113 /* zh-Hans */,
			);
			name = Localizable.strings;
			sourceTree = "<group>";
		};
		0A0000010000000000000111 /* InfoPlist.strings */ = {
			isa = PBXVariantGroup;
			children = (
				0A0000010000000000000114 /* en */,
				0A0000010000000000000115 /* zh-Hans */,
			);
			name = InfoPlist.strings;
			sourceTree = "<group>";
		};
/* End PBXVariantGroup section */

/* Begin XCBuildConfiguration section */
		0A0000010000000000000601 /* Debug */ = {
			isa = XCBuildConfiguration;
			buildSettings = {
				ALWAYS_SEARCH_USER_PATHS = NO;
				CLANG_ANALYZER_NONNULL = YES;
				CLANG_ANALYZER_NUMBER_OBJECT_CONVERSION = YES_AGGRESSIVE;
				CLANG_CXX_LANGUAGE_STANDARD = "gnu++20";
				CLANG_ENABLE_MODULES = YES;
				CLANG_ENABLE_OBJC_ARC = YES;
				CLANG_ENABLE_OBJC_WEAK = YES;
				CLANG_WARN_BLOCK_CAPTURE_AUTORELEASING = YES;
				CLANG_WARN_BOOL_CONVERSION = YES;
				CLANG_WARN_COMMA = YES;
				CLANG_WARN_CONSTANT_CONVERSION = YES;
				CLANG_WARN_DEPRECATED_OBJC_IMPLEMENTATIONS = YES;
				CLANG_WARN_DIRECT_OBJC_ISA_USAGE = YES_ERROR;
				CLANG_WARN_DOCUMENTATION_COMMENTS = YES;
				CLANG_WARN_EMPTY_BODY = YES;
				CLANG_WARN_ENUM_CONVERSION = YES;
				CLANG_WARN_INFINITE_RECURSION = YES;
				CLANG_WARN_INT_CONVERSION = YES;
				CLANG_WARN_NON_LITERAL_NULL_CONVERSION = YES;
				CLANG_WARN_OBJC_IMPLICIT_RETAIN_SELF = YES;
				CLANG_WARN_OBJC_LITERAL_CONVERSION = YES;
				CLANG_WARN_OBJC_ROOT_CLASS = YES_ERROR;
				CLANG_WARN_QUOTED_INCLUDE_IN_FRAMEWORK_HEADER = YES;
				CLANG_WARN_RANGE_LOOP_ANALYSIS = YES;
				CLANG_WARN_STRICT_PROTOTYPES = YES;
				CLANG_WARN_SUSPICIOUS_MOVE = YES;
				CLANG_WARN_UNGUARDED_AVAILABILITY = YES_AGGRESSIVE;
				CLANG_WARN_UNREACHABLE_CODE = YES;
				COPY_PHASE_STRIP = NO;
				DEBUG_INFORMATION_FORMAT = dwarf;
				ENABLE_STRICT_OBJC_MSGSEND = YES;
				ENABLE_TESTABILITY = YES;
				ENABLE_USER_SCRIPT_SANDBOXING = YES;
				GCC_C_LANGUAGE_STANDARD = gnu17;
				GCC_DYNAMIC_NO_PIC = NO;
				GCC_NO_COMMON_BLOCKS = YES;
				GCC_OPTIMIZATION_LEVEL = 0;
				GCC_PREPROCESSOR_DEFINITIONS = (
					"DEBUG=1",
					"$(inherited)",
				);
				GCC_WARN_64_TO_32_BIT_CONVERSION = YES;
				GCC_WARN_ABOUT_RETURN_TYPE = YES_ERROR;
				GCC_WARN_UNDECLARED_SELECTOR = YES;
				GCC_WARN_UNINITIALIZED_AUTOS = YES_AGGRESSIVE;
				GCC_WARN_UNUSED_FUNCTION = YES;
				GCC_WARN_UNUSED_VARIABLE = YES;
				IPHONEOS_DEPLOYMENT_TARGET = 17.0;
				MTL_ENABLE_DEBUG_INFO = INCLUDE_SOURCE;
				MTL_FAST_MATH = YES;
				ONLY_ACTIVE_ARCH = YES;
				SDKROOT = iphoneos;
				SWIFT_ACTIVE_COMPILATION_CONDITIONS = DEBUG;
				SWIFT_OPTIMIZATION_LEVEL = "-Onone";
			};
			name = Debug;
		};
		0A0000010000000000000602 /* Release */ = {
			isa = XCBuildConfiguration;
			buildSettings = {
				ALWAYS_SEARCH_USER_PATHS = NO;
				CLANG_ANALYZER_NONNULL = YES;
				CLANG_ANALYZER_NUMBER_OBJECT_CONVERSION = YES_AGGRESSIVE;
				CLANG_CXX_LANGUAGE_STANDARD = "gnu++20";
				CLANG_ENABLE_MODULES = YES;
				CLANG_ENABLE_OBJC_ARC = YES;
				CLANG_ENABLE_OBJC_WEAK = YES;
				CLANG_WARN_BLOCK_CAPTURE_AUTORELEASING = YES;
				CLANG_WARN_BOOL_CONVERSION = YES;
				CLANG_WARN_COMMA = YES;
				CLANG_WARN_CONSTANT_CONVERSION = YES;
				CLANG_WARN_DEPRECATED_OBJC_IMPLEMENTATIONS = YES;
				CLANG_WARN_DIRECT_OBJC_ISA_USAGE = YES_ERROR;
				CLANG_WARN_DOCUMENTATION_COMMENTS = YES;
				CLANG_WARN_EMPTY_BODY = YES;
				CLANG_WARN_ENUM_CONVERSION = YES;
				CLANG_WARN_INFINITE_RECURSION = YES;
				CLANG_WARN_INT_CONVERSION = YES;
				CLANG_WARN_NON_LITERAL_NULL_CONVERSION = YES;
				CLANG_WARN_OBJC_IMPLICIT_RETAIN_SELF = YES;
				CLANG_WARN_OBJC_LITERAL_CONVERSION = YES;
				CLANG_WARN_OBJC_ROOT_CLASS = YES_ERROR;
				CLANG_WARN_QUOTED_INCLUDE_IN_FRAMEWORK_HEADER = YES;
				CLANG_WARN_RANGE_LOOP_ANALYSIS = YES;
				CLANG_WARN_STRICT_PROTOTYPES = YES;
				CLANG_WARN_SUSPICIOUS_MOVE = YES;
				CLANG_WARN_UNGUARDED_AVAILABILITY = YES_AGGRESSIVE;
				CLANG_WARN_UNREACHABLE_CODE = YES;
				COPY_PHASE_STRIP = NO;
				DEBUG_INFORMATION_FORMAT = "dwarf-with-dsym";
				ENABLE_NS_ASSERTIONS = NO;
				ENABLE_STRICT_OBJC_MSGSEND = YES;
				ENABLE_USER_SCRIPT_SANDBOXING = YES;
				GCC_C_LANGUAGE_STANDARD = gnu17;
				GCC_NO_COMMON_BLOCKS = YES;
				GCC_WARN_64_TO_32_BIT_CONVERSION = YES;
				GCC_WARN_ABOUT_RETURN_TYPE = YES_ERROR;
				GCC_WARN_UNDECLARED_SELECTOR = YES;
				GCC_WARN_UNINITIALIZED_AUTOS = YES_AGGRESSIVE;
				GCC_WARN_UNUSED_FUNCTION = YES;
				GCC_WARN_UNUSED_VARIABLE = YES;
				IPHONEOS_DEPLOYMENT_TARGET = 17.0;
				MTL_ENABLE_DEBUG_INFO = NO;
				MTL_FAST_MATH = YES;
				SDKROOT = iphoneos;
				SWIFT_COMPILATION_MODE = wholemodule;
				VALIDATE_PRODUCT = YES;
			};
			name = Release;
		};
		0A0000010000000000000603 /* Debug */ = {
			isa = XCBuildConfiguration;
			buildSettings = {
				ASSETCATALOG_COMPILER_APPICON_NAME = AppIcon;
				ASSETCATALOG_COMPILER_GLOBAL_ACCENT_COLOR_NAME = AccentColor;
				CODE_SIGN_STYLE = Automatic;
				CURRENT_PROJECT_VERSION = 1;
				DEVELOPMENT_TEAM = "";
				GENERATE_INFOPLIST_FILE = NO;
				INFOPLIST_FILE = TripJournal/Resources/Info.plist;
				INFOPLIST_KEY_CFBundleDisplayName = "Trip Journal";
				IPHONEOS_DEPLOYMENT_TARGET = 17.0;
				MARKETING_VERSION = 1.0.0;
				PRODUCT_BUNDLE_IDENTIFIER = com.zhouyajie.tripjournal;
				PRODUCT_NAME = "$(TARGET_NAME)";
				SUPPORTED_PLATFORMS = "iphoneos iphonesimulator";
				SUPPORTS_MACCATALYST = NO;
				SUPPORTS_MAC_DESIGNED_FOR_IPHONE_IPAD = NO;
				SWIFT_EMIT_LOC_STRINGS = YES;
				SWIFT_VERSION = 5.0;
				TARGETED_DEVICE_FAMILY = 1;
			};
			name = Debug;
		};
		0A0000010000000000000604 /* Release */ = {
			isa = XCBuildConfiguration;
			buildSettings = {
				ASSETCATALOG_COMPILER_APPICON_NAME = AppIcon;
				ASSETCATALOG_COMPILER_GLOBAL_ACCENT_COLOR_NAME = AccentColor;
				CODE_SIGN_STYLE = Automatic;
				CURRENT_PROJECT_VERSION = 1;
				DEVELOPMENT_TEAM = "";
				GENERATE_INFOPLIST_FILE = NO;
				INFOPLIST_FILE = TripJournal/Resources/Info.plist;
				INFOPLIST_KEY_CFBundleDisplayName = "Trip Journal";
				IPHONEOS_DEPLOYMENT_TARGET = 17.0;
				MARKETING_VERSION = 1.0.0;
				PRODUCT_BUNDLE_IDENTIFIER = com.zhouyajie.tripjournal;
				PRODUCT_NAME = "$(TARGET_NAME)";
				SUPPORTED_PLATFORMS = "iphoneos iphonesimulator";
				SUPPORTS_MACCATALYST = NO;
				SUPPORTS_MAC_DESIGNED_FOR_IPHONE_IPAD = NO;
				SWIFT_EMIT_LOC_STRINGS = YES;
				SWIFT_VERSION = 5.0;
				TARGETED_DEVICE_FAMILY = 1;
			};
			name = Release;
		};
/* End XCBuildConfiguration section */

/* Begin XCConfigurationList section */
		0A0000010000000000000501 /* Build configuration list for PBXProject "TripJournal" */ = {
			isa = XCConfigurationList;
			buildConfigurations = (
				0A0000010000000000000601 /* Debug */,
				0A0000010000000000000602 /* Release */,
			);
			defaultConfigurationIsVisible = 0;
			defaultConfigurationName = Release;
		};
		0A0000010000000000000502 /* Build configuration list for PBXNativeTarget "TripJournal" */ = {
			isa = XCConfigurationList;
			buildConfigurations = (
				0A0000010000000000000603 /* Debug */,
				0A0000010000000000000604 /* Release */,
			);
			defaultConfigurationIsVisible = 0;
			defaultConfigurationName = Release;
		};
/* End XCConfigurationList section */
	};
	rootObject = 0A0000010000000000000402 /* Project object */;
}

